
Microsoft Visual Studio Solution File, Format Version 12.00
# Visual Studio Version 17
VisualStudioVersion = 17.0.31903.59
MinimumVisualStudioVersion = 10.0.40219.1
Project("{2150E333-8FDC-42A3-9474-1A3956D46DE8}") = "src", "src", "{827E0CD3-B72D-47B6-A68D-7590B98EB39B}"
EndProject
Project("{FAE04EC0-301F-11D3-BF4B-00C04F79EFBC}") = "Nucleo", "src\Nucleo\Nucleo.csproj", "{DB50C772-7A3A-4C7A-A59F-31B8529B4E5E}"
EndProject
Project("{2150E333-8FDC-42A3-9474-1A3956D46DE8}") = "Catalogo.API", "Catalogo.API", "{4C85192F-AD0E-F66F-E89D-4E4C4FD568B8}"
EndProject
Project("{FAE04EC0-301F-11D3-BF4B-00C04F79EFBC}") = "Catalogo.Domain", "src\Catalogo.API\Catalogo.Domain\Catalogo.Domain.csproj", "{28A7F568-2142-4F09-A422-F802884C223D}"
EndProject
Project("{FAE04EC0-301F-11D3-BF4B-00C04F79EFBC}") = "Catalogo.API", "src\Catalogo.API\Catalogo.API\Catalogo.API.csproj", "{D0E590C7-463E-44DB-89D6-381A19DAAB45}"
EndProject
Project("{FAE04EC0-301F-11D3-BF4B-00C04F79EFBC}") = "Catalogo.Infrastructure", "src\Catalogo.API\Catalogo.Infrastructure\Catalogo.Infrastructure.csproj", "{83A5B6BB-3003-44DC-825F-9B810A238EB2}"
EndProject
Project("{FAE04EC0-301F-11D3-BF4B-00C04F79EFBC}") = "Catalogo.Application", "src\Catalogo.API\Catalogo.Application\Catalogo.Application.csproj", "{1D6C2E35-5B35-4FE4-A2E1-FB34D1A06890}"
EndProject
Project("{2150E333-8FDC-42A3-9474-1A3956D46DE8}") = "scripts", "scripts", "{C4AD9936-F0DF-1090-6077-3D4A6324E662}"
EndProject
Project("{FAE04EC0-301F-11D3-BF4B-00C04F79EFBC}") = "SqlRunner", "scripts\SqlRunner\SqlRunner.csproj", "{6C89F62E-B4AF-4E60-9B49-2CC44695DDA6}"
EndProject
Project("{2150E333-8FDC-42A3-9474-1A3956D46DE8}") = "Clientes.API", "Clientes.API", "{D9773D6F-EC27-D53E-CAEC-C96840EDAE4D}"
EndProject
Project("{FAE04EC0-301F-11D3-BF4B-00C04F79EFBC}") = "Clientes.API.API", "src\Clientes.API\Clientes.API.API\Clientes.API.API.csproj", "{1189179A-97F7-48CF-AC80-B8C982CEFA6F}"
EndProject
Project("{FAE04EC0-301F-11D3-BF4B-00C04F79EFBC}") = "Clientes.API.Application", "src\Clientes.API\Clientes.API.Application\Clientes.API.Application.csproj", "{92F0205D-7BCD-4388-93C1-CF57A91CDB41}"
EndProject
Project("{FAE04EC0-301F-11D3-BF4B-00C04F79EFBC}") = "Clientes.API.Domain", "src\Clientes.API\Clientes.API.Domain\Clientes.API.Domain.csproj", "{D1989CE6-66C3-464E-98BE-753773A18741}"
EndProject
Project("{FAE04EC0-301F-11D3-BF4B-00C04F79EFBC}") = "Clientes.API.Infrastructure", "src\Clientes.API\Clientes.API.Infrastructure\Clientes.API.Infrastructure.csproj", "{943BF8F9-F0B8-4BC0-9E80-95802C8564D9}"
EndProject
Project("{2150E333-8FDC-42A3-9474-1A3956D46DE8}") = "Compras.API", "Compras.API", "{B86D138C-05C5-617D-8034-EEF8CBE01E1E}"
EndProject
Project("{FAE04EC0-301F-11D3-BF4B-00C04F79EFBC}") = "Compras.API.API", "src\Compras.API\Compras.API.API\Compras.API.API.csproj", "{0D846B10-689E-4066-892D-D0A064E109DB}"
EndProject
Project("{FAE04EC0-301F-11D3-BF4B-00C04F79EFBC}") = "Compras.API.Application", "src\Compras.API\Compras.API.Application\Compras.API.Application.csproj", "{19E142A3-C89E-40FB-B656-EEB21DB45260}"
EndProject
Project("{FAE04EC0-301F-11D3-BF4B-00C04F79EFBC}") = "Compras.API.Domain", "src\Compras.API\Compras.API.Domain\Compras.API.Domain.csproj", "{60AC3514-8C0E-4E99-9F21-0BF5E2E1056B}"
EndProject
Project("{FAE04EC0-301F-11D3-BF4B-00C04F79EFBC}") = "Compras.API.Infrastructure", "src\Compras.API\Compras.API.Infrastructure\Compras.API.Infrastructure.csproj", "{58C113D3-EB95-4E6F-8F70-56CC44D7CEE9}"
EndProject
Project("{2150E333-8FDC-42A3-9474-1A3956D46DE8}") = "Configuracion.API", "Configuracion.API", "{114D0802-A22D-938E-B3C8-C8BD8954F184}"
EndProject
Project("{FAE04EC0-301F-11D3-BF4B-00C04F79EFBC}") = "Configuracion.API.API", "src\Configuracion.API\Configuracion.API.API\Configuracion.API.API.csproj", "{76EF06A1-0AA3-4CD8-B170-591D2A9DC9AC}"
EndProject
Project("{FAE04EC0-301F-11D3-BF4B-00C04F79EFBC}") = "Configuracion.API.Application", "src\Configuracion.API\Configuracion.API.Application\Configuracion.API.Application.csproj", "{8451E22E-175D-43CA-874F-31FEB10195AD}"
EndProject
Project("{FAE04EC0-301F-11D3-BF4B-00C04F79EFBC}") = "Configuracion.API.Domain", "src\Configuracion.API\Configuracion.API.Domain\Configuracion.API.Domain.csproj", "{E07155BE-6727-4A0A-90CB-1AEE878F055B}"
EndProject
Project("{FAE04EC0-301F-11D3-BF4B-00C04F79EFBC}") = "Configuracion.API.Infrastructure", "src\Configuracion.API\Configuracion.API.Infrastructure\Configuracion.API.Infrastructure.csproj", "{45CA106D-52D2-425D-9BAA-178DDA7BF325}"
EndProject
Project("{2150E333-8FDC-42A3-9474-1A3956D46DE8}") = "Contabilidad.API", "Contabilidad.API", "{B4B22B2B-6FB6-0E1D-9F80-5CF8B127FA53}"
EndProject
Project("{FAE04EC0-301F-11D3-BF4B-00C04F79EFBC}") = "Contabilidad.API.API", "src\Contabilidad.API\Contabilidad.API.API\Contabilidad.API.API.csproj", "{59A683AF-EF11-4C73-AC31-1B959CA6916E}"
EndProject
Project("{FAE04EC0-301F-11D3-BF4B-00C04F79EFBC}") = "Contabilidad.API.Application", "src\Contabilidad.API\Contabilidad.API.Application\Contabilidad.API.Application.csproj", "{7B36990F-89EF-4E4C-8F5E-9BA7EA8FC170}"
EndProject
Project("{FAE04EC0-301F-11D3-BF4B-00C04F79EFBC}") = "Contabilidad.API.Domain", "src\Contabilidad.API\Contabilidad.API.Domain\Contabilidad.API.Domain.csproj", "{FFAA3BF7-4E66-44FF-833E-BF570AF3FFDB}"
EndProject
Project("{FAE04EC0-301F-11D3-BF4B-00C04F79EFBC}") = "Contabilidad.API.Infrastructure", "src\Contabilidad.API\Contabilidad.API.Infrastructure\Contabilidad.API.Infrastructure.csproj", "{3B2F7121-4806-4CE0-BE7E-0A38533F4B7E}"
EndProject
Project("{2150E333-8FDC-42A3-9474-1A3956D46DE8}") = "Identidad.API", "Identidad.API", "{DE49997F-37B8-F742-A25E-8A29CB416CF3}"
EndProject
Project("{FAE04EC0-301F-11D3-BF4B-00C04F79EFBC}") = "Identidad.API.API", "src\Identidad.API\Identidad.API.API\Identidad.API.API.csproj", "{738A0C31-BC0A-42D1-B48C-A2244BAD3FE0}"
EndProject
Project("{FAE04EC0-301F-11D3-BF4B-00C04F79EFBC}") = "Identidad.API.Application", "src\Identidad.API\Identidad.API.Application\Identidad.API.Application.csproj", "{9E5F7FF6-993F-4FB8-82DF-6EE7160E3B65}"
EndProject
Project("{FAE04EC0-301F-11D3-BF4B-00C04F79EFBC}") = "Identidad.API.Domain", "src\Identidad.API\Identidad.API.Domain\Identidad.API.Domain.csproj", "{83AE8A16-66F8-4BE0-90DD-FF3D98A75111}"
EndProject
Project("{FAE04EC0-301F-11D3-BF4B-00C04F79EFBC}") = "Identidad.API.Infrastructure", "src\Identidad.API\Identidad.API.Infrastructure\Identidad.API.Infrastructure.csproj", "{0FF51CE5-9AB0-40D3-8E94-FF91B6CC8F74}"
EndProject
Project("{2150E333-8FDC-42A3-9474-1A3956D46DE8}") = "Inventario.API", "Inventario.API", "{A109F68C-6C49-3819-AD0C-803D0C288AAF}"
EndProject
Project("{FAE04EC0-301F-11D3-BF4B-00C04F79EFBC}") = "Inventario.API.API", "src\Inventario.API\Inventario.API.API\Inventario.API.API.csproj", "{6E1818C0-3D9F-4DC3-8559-3D879C01B762}"
EndProject
Project("{FAE04EC0-301F-11D3-BF4B-00C04F79EFBC}") = "Inventario.API.Application", "src\Inventario.API\Inventario.API.Application\Inventario.API.Application.csproj", "{C4FEA3CE-4727-46F0-9E4F-1AB2FF4A5F28}"
EndProject
Project("{FAE04EC0-301F-11D3-BF4B-00C04F79EFBC}") = "Inventario.API.Domain", "src\Inventario.API\Inventario.API.Domain\Inventario.API.Domain.csproj", "{6C421520-2B84-4BA1-992C-022E91AF4C5D}"
EndProject
Project("{FAE04EC0-301F-11D3-BF4B-00C04F79EFBC}") = "Inventario.API.Infrastructure", "src\Inventario.API\Inventario.API.Infrastructure\Inventario.API.Infrastructure.csproj", "{967716CF-AD0A-4597-99FC-E7E58974368C}"
EndProject
Project("{2150E333-8FDC-42A3-9474-1A3956D46DE8}") = "Tools", "Tools", "{DCB6FCB8-FF92-AC57-0842-1F72A354D6B1}"
EndProject
Project("{FAE04EC0-301F-11D3-BF4B-00C04F79EFBC}") = "DbSeeder", "src\Tools\DbSeeder\DbSeeder.csproj", "{5D30C992-3CB4-42F7-8991-B9F399F23B2C}"
EndProject
Project("{FAE04EC0-301F-11D3-BF4B-00C04F79EFBC}") = "TestClient", "src\Tools\TestClient\TestClient.csproj", "{0F0429D1-B007-450F-9580-48DB894F7B80}"
EndProject
Project("{2150E333-8FDC-42A3-9474-1A3956D46DE8}") = "Ventas.API", "Ventas.API", "{159CC862-FBB1-287C-45DD-7B2705E344A8}"
EndProject
Project("{FAE04EC0-301F-11D3-BF4B-00C04F79EFBC}") = "Ventas.API.API", "src\Ventas.API\Ventas.API.API\Ventas.API.API.csproj", "{4272EA76-1BC4-4C92-ACFC-770F172FBDF8}"
EndProject
Project("{FAE04EC0-301F-11D3-BF4B-00C04F79EFBC}") = "Ventas.API.Application", "src\Ventas.API\Ventas.API.Application\Ventas.API.Application.csproj", "{9F601445-F184-439F-852F-E74DD060C618}"
EndProject
Project("{FAE04EC0-301F-11D3-BF4B-00C04F79EFBC}") = "Ventas.API.Domain", "src\Ventas.API\Ventas.API.Domain\Ventas.API.Domain.csproj", "{3D076E07-148B-48C3-8733-2C15B00231E8}"
EndProject
Project("{FAE04EC0-301F-11D3-BF4B-00C04F79EFBC}") = "Ventas.API.Infrastructure", "src\Ventas.API\Ventas.API.Infrastructure\Ventas.API.Infrastructure.csproj", "{8D3A0D20-6587-4BBE-8717-0580AB963E7B}"
EndProject
Project("{FAE04EC0-301F-11D3-BF4B-00C04F79EFBC}") = "Gateway.API", "src\Gateway.API\Gateway.API.csproj", "{EFF0B304-E3E6-4596-B6D2-95EF3BC9BC39}"
EndProject
Global
	GlobalSection(SolutionConfigurationPlatforms) = preSolution
		Debug|Any CPU = Debug|Any CPU
		Debug|x64 = Debug|x64
		Debug|x86 = Debug|x86
		Release|Any CPU = Release|Any CPU
		Release|x64 = Release|x64
		Release|x86 = Release|x86
	EndGlobalSection
	GlobalSection(ProjectConfigurationPlatforms) = postSolution
		{DB50C772-7A3A-4C7A-A59F-31B8529B4E5E}.Debug|Any CPU.ActiveCfg = Debug|Any CPU
		{DB50C772-7A3A-4C7A-A59F-31B8529B4E5E}.Debug|Any CPU.Build.0 = Debug|Any CPU
		{DB50C772-7A3A-4C7A-A59F-31B8529B4E5E}.Debug|x64.ActiveCfg = Debug|Any CPU
		{DB50C772-7A3A-4C7A-A59F-31B8529B4E5E}.Debug|x64.Build.0 = Debug|Any CPU
		{DB50C772-7A3A-4C7A-A59F-31B8529B4E5E}.Debug|x86.ActiveCfg = Debug|Any CPU
		{DB50C772-7A3A-4C7A-A59F-31B8529B4E5E}.Debug|x86.Build.0 = Debug|Any CPU
		{DB50C772-7A3A-4C7A-A59F-31B8529B4E5E}.Release|Any CPU.ActiveCfg = Release|Any CPU
		{DB50C772-7A3A-4C7A-A59F-31B8529B4E5E}.Release|Any CPU.Build.0 = Release|Any CPU
		{DB50C772-7A3A-4C7A-A59F-31B8529B4E5E}.Release|x64.ActiveCfg = Release|Any CPU
		{DB50C772-7A3A-4C7A-A59F-31B8529B4E5E}.Release|x64.Build.0 = Release|Any CPU
		{DB50C772-7A3A-4C7A-A59F-31B8529B4E5E}.Release|x86.ActiveCfg = Release|Any CPU
		{DB50C772-7A3A-4C7A-A59F-31B8529B4E5E}.Release|x86.Build.0 = Release|Any CPU
		{28A7F568-2142-4F09-A422-F802884C223D}.Debug|Any CPU.ActiveCfg = Debug|Any CPU
		{28A7F568-2142-4F09-A422-F802884C223D}.Debug|Any CPU.Build.0 = Debug|Any CPU
		{28A7F568-2142-4F09-A422-F802884C223D}.Debug|x64.ActiveCfg = Debug|Any CPU
		{28A7F568-2142-4F09-A422-F802884C223D}.Debug|x64.Build.0 = Debug|Any CPU
		{28A7F568-2142-4F09-A422-F802884C223D}.Debug|x86.ActiveCfg = Debug|Any CPU
		{28A7F568-2142-4F09-A422-F802884C223D}.Debug|x86.Build.0 = Debug|Any CPU
		{28A7F568-2142-4F09-A422-F802884C223D}.Release|Any CPU.ActiveCfg = Release|Any CPU
		{28A7F568-2142-4F09-A422-F802884C223D}.Release|Any CPU.Build.0 = Release|Any CPU
		{28A7F568-2142-4F09-A422-F802884C223D}.Release|x64.ActiveCfg = Release|Any CPU
		{28A7F568-2142-4F09-A422-F802884C223D}.Release|x64.Build.0 = Release|Any CPU
		{28A7F568-2142-4F09-A422-F802884C223D}.Release|x86.ActiveCfg = Release|Any CPU
		{28A7F568-2142-4F09-A422-F802884C223D}.Release|x86.Build.0 = Release|Any CPU
		{D0E590C7-463E-44DB-89D6-381A19DAAB45}.Debug|Any CPU.ActiveCfg = Debug|Any CPU
		{D0E590C7-463E-44DB-89D6-381A19DAAB45}.Debug|Any CPU.Build.0 = Debug|Any CPU
		{D0E590C7-463E-44DB-89D6-381A19DAAB45}.Debug|x64.ActiveCfg = Debug|Any CPU
		{D0E590C7-463E-44DB-89D6-381A19DAAB45}.Debug|x64.Build.0 = Debug|Any CPU
		{D0E590C7-463E-44DB-89D6-381A19DAAB45}.Debug|x86.ActiveCfg = Debug|Any CPU
		{D0E590C7-463E-44DB-89D6-381A19DAAB45}.Debug|x86.Build.0 = Debug|Any CPU
		{D0E590C7-463E-44DB-89D6-381A19DAAB45}.Release|Any CPU.ActiveCfg = Release|Any CPU
		{D0E590C7-463E-44DB-89D6-381A19DAAB45}.Release|Any CPU.Build.0 = Release|Any CPU
		{D0E590C7-463E-44DB-89D6-381A19DAAB45}.Release|x64.ActiveCfg = Release|Any CPU
		{D0E590C7-463E-44DB-89D6-381A19DAAB45}.Release|x64.Build.0 = Release|Any CPU
		{D0E590C7-463E-44DB-89D6-381A19DAAB45}.Release|x86.ActiveCfg = Release|Any CPU
		{D0E590C7-463E-44DB-89D6-381A19DAAB45}.Release|x86.Build.0 = Release|Any CPU
		{83A5B6BB-3003-44DC-825F-9B810A238EB2}.Debug|Any CPU.ActiveCfg = Debug|Any CPU
		{83A5B6BB-3003-44DC-825F-9B810A238EB2}.Debug|Any CPU.Build.0 = Debug|Any CPU
		{83A5B6BB-3003-44DC-825F-9B810A238EB2}.Debug|x64.ActiveCfg = Debug|Any CPU
		{83A5B6BB-3003-44DC-825F-9B810A238EB2}.Debug|x64.Build.0 = Debug|Any CPU
		{83A5B6BB-3003-44DC-825F-9B810A238EB2}.Debug|x86.ActiveCfg = Debug|Any CPU
		{83A5B6BB-3003-44DC-825F-9B810A238EB2}.Debug|x86.Build.0 = Debug|Any CPU
		{83A5B6BB-3003-44DC-825F-9B810A238EB2}.Release|Any CPU.ActiveCfg = Release|Any CPU
		{83A5B6BB-3003-44DC-825F-9B810A238EB2}.Release|Any CPU.Build.0 = Release|Any CPU
		{83A5B6BB-3003-44DC-825F-9B810A238EB2}.Release|x64.ActiveCfg = Release|Any CPU
		{83A5B6BB-3003-44DC-825F-9B810A238EB2}.Release|x64.Build.0 = Release|Any CPU
		{83A5B6BB-3003-44DC-825F-9B810A238EB2}.Release|x86.ActiveCfg = Release|Any CPU
		{83A5B6BB-3003-44DC-825F-9B810A238EB2}.Release|x86.Build.0 = Release|Any CPU
		{1D6C2E35-5B35-4FE4-A2E1-FB34D1A06890}.Debug|Any CPU.ActiveCfg = Debug|Any CPU
		{1D6C2E35-5B35-4FE4-A2E1-FB34D1A06890}.Debug|Any CPU.Build.0 = Debug|Any CPU
		{1D6C2E35-5B35-4FE4-A2E1-FB34D1A06890}.Debug|x64.ActiveCfg = Debug|Any CPU
		{1D6C2E35-5B35-4FE4-A2E1-FB34D1A06890}.Debug|x64.Build.0 = Debug|Any CPU
		{1D6C2E35-5B35-4FE4-A2E1-FB34D1A06890}.Debug|x86.ActiveCfg = Debug|Any CPU
		{1D6C2E35-5B35-4FE4-A2E1-FB34D1A06890}.Debug|x86.Build.0 = Debug|Any CPU
		{1D6C2E35-5B35-4FE4-A2E1-FB34D1A06890}.Release|Any CPU.ActiveCfg = Release|Any CPU
		{1D6C2E35-5B35-4FE4-A2E1-FB34D1A06890}.Release|Any CPU.Build.0 = Release|Any CPU
		{1D6C2E35-5B35-4FE4-A2E1-FB34D1A06890}.Release|x64.ActiveCfg = Release|Any CPU
		{1D6C2E35-5B35-4FE4-A2E1-FB34D1A06890}.Release|x64.Build.0 = Release|Any CPU
		{1D6C2E35-5B35-4FE4-A2E1-FB34D1A06890}.Release|x86.ActiveCfg = Release|Any CPU
		{1D6C2E35-5B35-4FE4-A2E1-FB34D1A06890}.Release|x86.Build.0 = Release|Any CPU
		{6C89F62E-B4AF-4E60-9B49-2CC44695DDA6}.Debug|Any CPU.ActiveCfg = Debug|Any CPU
		{6C89F62E-B4AF-4E60-9B49-2CC44695DDA6}.Debug|Any CPU.Build.0 = Debug|Any CPU
		{6C89F62E-B4AF-4E60-9B49-2CC44695DDA6}.Debug|x64.ActiveCfg = Debug|Any CPU
		{6C89F62E-B4AF-4E60-9B49-2CC44695DDA6}.Debug|x64.Build.0 = Debug|Any CPU
		{6C89F62E-B4AF-4E60-9B49-2CC44695DDA6}.Debug|x86.ActiveCfg = Debug|Any CPU
		{6C89F62E-B4AF-4E60-9B49-2CC44695DDA6}.Debug|x86.Build.0 = Debug|Any CPU
		{6C89F62E-B4AF-4E60-9B49-2CC44695DDA6}.Release|Any CPU.ActiveCfg = Release|Any CPU
		{6C89F62E-B4AF-4E60-9B49-2CC44695DDA6}.Release|Any CPU.Build.0 = Release|Any CPU
		{6C89F62E-B4AF-4E60-9B49-2CC44695DDA6}.Release|x64.ActiveCfg = Release|Any CPU
		{6C89F62E-B4AF-4E60-9B49-2CC44695DDA6}.Release|x64.Build.0 = Release|Any CPU
		{6C89F62E-B4AF-4E60-9B49-2CC44695DDA6}.Release|x86.ActiveCfg = Release|Any CPU
		{6C89F62E-B4AF-4E60-9B49-2CC44695DDA6}.Release|x86.Build.0 = Release|Any CPU
		{1189179A-97F7-48CF-AC80-B8C982CEFA6F}.Debug|Any CPU.ActiveCfg = Debug|Any CPU
		{1189179A-97F7-48CF-AC80-B8C982CEFA6F}.Debug|Any CPU.Build.0 = Debug|Any CPU
		{1189179A-97F7-48CF-AC80-B8C982CEFA6F}.Debug|x64.ActiveCfg = Debug|Any CPU
		{1189179A-97F7-48CF-AC80-B8C982CEFA6F}.Debug|x64.Build.0 = Debug|Any CPU
		{1189179A-97F7-48CF-AC80-B8C982CEFA6F}.Debug|x86.ActiveCfg = Debug|Any CPU
		{1189179A-97F7-48CF-AC80-B8C982CEFA6F}.Debug|x86.Build.0 = Debug|Any CPU
		{1189179A-97F7-48CF-AC80-B8C982CEFA6F}.Release|Any CPU.ActiveCfg = Release|Any CPU
		{1189179A-97F7-48CF-AC80-B8C982CEFA6F}.Release|Any CPU.Build.0 = Release|Any CPU
		{1189179A-97F7-48CF-AC80-B8C982CEFA6F}.Release|x64.ActiveCfg = Release|Any CPU
		{1189179A-97F7-48CF-AC80-B8C982CEFA6F}.Release|x64.Build.0 = Release|Any CPU
		{1189179A-97F7-48CF-AC80-B8C982CEFA6F}.Release|x86.ActiveCfg = Release|Any CPU
		{1189179A-97F7-48CF-AC80-B8C982CEFA6F}.Release|x86.Build.0 = Release|Any CPU
		{92F0205D-7BCD-4388-93C1-CF57A91CDB41}.Debug|Any CPU.ActiveCfg = Debug|Any CPU
		{92F0205D-7BCD-4388-93C1-CF57A91CDB41}.Debug|Any CPU.Build.0 = Debug|Any CPU
		{92F0205D-7BCD-4388-93C1-CF57A91CDB41}.Debug|x64.ActiveCfg = Debug|Any CPU
		{92F0205D-7BCD-4388-93C1-CF57A91CDB41}.Debug|x64.Build.0 = Debug|Any CPU
		{92F0205D-7BCD-4388-93C1-CF57A91CDB41}.Debug|x86.ActiveCfg = Debug|Any CPU
		{92F0205D-7BCD-4388-93C1-CF57A91CDB41}.Debug|x86.Build.0 = Debug|Any CPU
		{92F0205D-7BCD-4388-93C1-CF57A91CDB41}.Release|Any CPU.ActiveCfg = Release|Any CPU
		{92F0205D-7BCD-4388-93C1-CF57A91CDB41}.Release|Any CPU.Build.0 = Release|Any CPU
		{92F0205D-7BCD-4388-93C1-CF57A91CDB41}.Release|x64.ActiveCfg = Release|Any CPU
		{92F0205D-7BCD-4388-93C1-CF57A91CDB41}.Release|x64.Build.0 = Release|Any CPU
		{92F0205D-7BCD-4388-93C1-CF57A91CDB41}.Release|x86.ActiveCfg = Release|Any CPU
		{92F0205D-7BCD-4388-93C1-CF57A91CDB41}.Release|x86.Build.0 = Release|Any CPU
		{D1989CE6-66C3-464E-98BE-753773A18741}.Debug|Any CPU.ActiveCfg = Debug|Any CPU
		{D1989CE6-66C3-464E-98BE-753773A18741}.Debug|Any CPU.Build.0 = Debug|Any CPU
		{D1989CE6-66C3-464E-98BE-753773A18741}.Debug|x64.ActiveCfg = Debug|Any CPU
		{D1989CE6-66C3-464E-98BE-753773A18741}.Debug|x64.Build.0 = Debug|Any CPU
		{D1989CE6-66C3-464E-98BE-753773A18741}.Debug|x86.ActiveCfg = Debug|Any CPU
		{D1989CE6-66C3-464E-98BE-753773A18741}.Debug|x86.Build.0 = Debug|Any CPU
		{D1989CE6-66C3-464E-98BE-753773A18741}.Release|Any CPU.ActiveCfg = Release|Any CPU
		{D1989CE6-66C3-464E-98BE-753773A18741}.Release|Any CPU.Build.0 = Release|Any CPU
		{D1989CE6-66C3-464E-98BE-753773A18741}.Release|x64.ActiveCfg = Release|Any CPU
		{D1989CE6-66C3-464E-98BE-753773A18741}.Release|x64.Build.0 = Release|Any CPU
		{D1989CE6-66C3-464E-98BE-753773A18741}.Release|x86.ActiveCfg = Release|Any CPU
		{D1989CE6-66C3-464E-98BE-753773A18741}.Release|x86.Build.0 = Release|Any CPU
		{943BF8F9-F0B8-4BC0-9E80-95802C8564D9}.Debug|Any CPU.ActiveCfg = Debug|Any CPU
		{943BF8F9-F0B8-4BC0-9E80-95802C8564D9}.Debug|Any CPU.Build.0 = Debug|Any CPU
		{943BF8F9-F0B8-4BC0-9E80-95802C8564D9}.Debug|x64.ActiveCfg = Debug|Any CPU
		{943BF8F9-F0B8-4BC0-9E80-95802C8564D9}.Debug|x64.Build.0 = Debug|Any CPU
		{943BF8F9-F0B8-4BC0-9E80-95802C8564D9}.Debug|x86.ActiveCfg = Debug|Any CPU
		{943BF8F9-F0B8-4BC0-9E80-95802C8564D9}.Debug|x86.Build.0 = Debug|Any CPU
		{943BF8F9-F0B8-4BC0-9E80-95802C8564D9}.Release|Any CPU.ActiveCfg = Release|Any CPU
		{943BF8F9-F0B8-4BC0-9E80-95802C8564D9}.Release|Any CPU.Build.0 = Release|Any CPU
		{943BF8F9-F0B8-4BC0-9E80-95802C8564D9}.Release|x64.ActiveCfg = Release|Any CPU
		{943BF8F9-F0B8-4BC0-9E80-95802C8564D9}.Release|x64.Build.0 = Release|Any CPU
		{943BF8F9-F0B8-4BC0-9E80-95802C8564D9}.Release|x86.ActiveCfg = Release|Any CPU
		{943BF8F9-F0B8-4BC0-9E80-95802C8564D9}.Release|x86.Build.0 = Release|Any CPU
		{0D846B10-689E-4066-892D-D0A064E109DB}.Debug|Any CPU.ActiveCfg = Debug|Any CPU
		{0D846B10-689E-4066-892D-D0A064E109DB}.Debug|Any CPU.Build.0 = Debug|Any CPU
		{0D846B10-689E-4066-892D-D0A064E109DB}.Debug|x64.ActiveCfg = Debug|Any CPU
		{0D846B10-689E-4066-892D-D0A064E109DB}.Debug|x64.Build.0 = Debug|Any CPU
		{0D846B10-689E-4066-892D-D0A064E109DB}.Debug|x86.ActiveCfg = Debug|Any CPU
		{0D846B10-689E-4066-892D-D0A064E109DB}.Debug|x86.Build.0 = Debug|Any CPU
		{0D846B10-689E-4066-892D-D0A064E109DB}.Release|Any CPU.ActiveCfg = Release|Any CPU
		{0D846B10-689E-4066-892D-D0A064E109DB}.Release|Any CPU.Build.0 = Release|Any CPU
		{0D846B10-689E-4066-892D-D0A064E109DB}.Release|x64.ActiveCfg = Release|Any CPU
		{0D846B10-689E-4066-892D-D0A064E109DB}.Release|x64.Build.0 = Release|Any CPU
		{0D846B10-689E-4066-892D-D0A064E109DB}.Release|x86.ActiveCfg = Release|Any CPU
		{0D846B10-689E-4066-892D-D0A064E109DB}.Release|x86.Build.0 = Release|Any CPU
		{19E142A3-C89E-40FB-B656-EEB21DB45260}.Debug|Any CPU.ActiveCfg = Debug|Any CPU
		{19E142A3-C89E-40FB-B656-EEB21DB45260}.Debug|Any CPU.Build.0 = Debug|Any CPU
		{19E142A3-C89E-40FB-B656-EEB21DB45260}.Debug|x64.ActiveCfg = Debug|Any CPU
		{19E142A3-C89E-40FB-B656-EEB21DB45260}.Debug|x64.Build.0 = Debug|Any CPU
		{19E142A3-C89E-40FB-B656-EEB21DB45260}.Debug|x86.ActiveCfg = Debug|Any CPU
		{19E142A3-C89E-40FB-B656-EEB21DB45260}.Debug|x86.Build.0 = Debug|Any CPU
		{19E142A3-C89E-40FB-B656-EEB21DB45260}.Release|Any CPU.ActiveCfg = Release|Any CPU
		{19E142A3-C89E-40FB-B656-EEB21DB45260}.Release|Any CPU.Build.0 = Release|Any CPU
		{19E142A3-C89E-40FB-B656-EEB21DB45260}.Release|x64.ActiveCfg = Release|Any CPU
		{19E142A3-C89E-40FB-B656-EEB21DB45260}.Release|x64.Build.0 = Release|Any CPU
		{19E142A3-C89E-40FB-B656-EEB21DB45260}.Release|x86.ActiveCfg = Release|Any CPU
		{19E142A3-C89E-40FB-B656-EEB21DB45260}.Release|x86.Build.0 = Release|Any CPU
		{60AC3514-8C0E-4E99-9F21-0BF5E2E1056B}.Debug|Any CPU.ActiveCfg = Debug|Any CPU
		{60AC3514-8C0E-4E99-9F21-0BF5E2E1056B}.Debug|Any CPU.Build.0 = Debug|Any CPU
		{60AC3514-8C0E-4E99-9F21-0BF5E2E1056B}.Debug|x64.ActiveCfg = Debug|Any CPU
		{60AC3514-8C0E-4E99-9F21-0BF5E2E1056B}.Debug|x64.Build.0 = Debug|Any CPU
		{60AC3514-8C0E-4E99-9F21-0BF5E2E1056B}.Debug|x86.ActiveCfg = Debug|Any CPU
		{60AC3514-8C0E-4E99-9F21-0BF5E2E1056B}.Debug|x86.Build.0 = Debug|Any CPU
		{60AC3514-8C0E-4E99-9F21-0BF5E2E1056B}.Release|Any CPU.ActiveCfg = Release|Any CPU
		{60AC3514-8C0E-4E99-9F21-0BF5E2E1056B}.Release|Any CPU.Build.0 = Release|Any CPU
		{60AC3514-8C0E-4E99-9F21-0BF5E2E1056B}.Release|x64.ActiveCfg = Release|Any CPU
		{60AC3514-8C0E-4E99-9F21-0BF5E2E1056B}.Release|x64.Build.0 = Release|Any CPU
		{60AC3514-8C0E-4E99-9F21-0BF5E2E1056B}.Release|x86.ActiveCfg = Release|Any CPU
		{60AC3514-8C0E-4E99-9F21-0BF5E2E1056B}.Release|x86.Build.0 = Release|Any CPU
		{58C113D3-EB95-4E6F-8F70-56CC44D7CEE9}.Debug|Any CPU.ActiveCfg = Debug|Any CPU
		{58C113D3-EB95-4E6F-8F70-56CC44D7CEE9}.Debug|Any CPU.Build.0 = Debug|Any CPU
		{58C113D3-EB95-4E6F-8F70-56CC44D7CEE9}.Debug|x64.ActiveCfg = Debug|Any CPU
		{58C113D3-EB95-4E6F-8F70-56CC44D7CEE9}.Debug|x64.Build.0 = Debug|Any CPU
		{58C113D3-EB95-4E6F-8F70-56CC44D7CEE9}.Debug|x86.ActiveCfg = Debug|Any CPU
		{58C113D3-EB95-4E6F-8F70-56CC44D7CEE9}.Debug|x86.Build.0 = Debug|Any CPU
		{58C113D3-EB95-4E6F-8F70-56CC44D7CEE9}.Release|Any CPU.ActiveCfg = Release|Any CPU
		{58C113D3-EB95-4E6F-8F70-56CC44D7CEE9}.Release|Any CPU.Build.0 = Release|Any CPU
		{58C113D3-EB95-4E6F-8F70-56CC44D7CEE9}.Release|x64.ActiveCfg = Release|Any CPU
		{58C113D3-EB95-4E6F-8F70-56CC44D7CEE9}.Release|x64.Build.0 = Release|Any CPU
		{58C113D3-EB95-4E6F-8F70-56CC44D7CEE9}.Release|x86.ActiveCfg = Release|Any CPU
		{58C113D3-EB95-4E6F-8F70-56CC44D7CEE9}.Release|x86.Build.0 = Release|Any CPU
		{76EF06A1-0AA3-4CD8-B170-591D2A9DC9AC}.Debug|Any CPU.ActiveCfg = Debug|Any CPU
		{76EF06A1-0AA3-4CD8-B170-591D2A9DC9AC}.Debug|Any CPU.Build.0 = Debug|Any CPU
		{76EF06A1-0AA3-4CD8-B170-591D2A9DC9AC}.Debug|x64.ActiveCfg = Debug|Any CPU
		{76EF06A1-0AA3-4CD8-B170-591D2A9DC9AC}.Debug|x64.Build.0 = Debug|Any CPU
		{76EF06A1-0AA3-4CD8-B170-591D2A9DC9AC}.Debug|x86.ActiveCfg = Debug|Any CPU
		{76EF06A1-0AA3-4CD8-B170-591D2A9DC9AC}.Debug|x86.Build.0 = Debug|Any CPU
		{76EF06A1-0AA3-4CD8-B170-591D2A9DC9AC}.Release|Any CPU.ActiveCfg = Release|Any CPU
		{76EF06A1-0AA3-4CD8-B170-591D2A9DC9AC}.Release|Any CPU.Build.0 = Release|Any CPU
		{76EF06A1-0AA3-4CD8-B170-591D2A9DC9AC}.Release|x64.ActiveCfg = Release|Any CPU
		{76EF06A1-0AA3-4CD8-B170-591D2A9DC9AC}.Release|x64.Build.0 = Release|Any CPU
		{76EF06A1-0AA3-4CD8-B170-591D2A9DC9AC}.Release|x86.ActiveCfg = Release|Any CPU
		{76EF06A1-0AA3-4CD8-B170-591D2A9DC9AC}.Release|x86.Build.0 = Release|Any CPU
		{8451E22E-175D-43CA-874F-31FEB10195AD}.Debug|Any CPU.ActiveCfg = Debug|Any CPU
		{8451E22E-175D-43CA-874F-31FEB10195AD}.Debug|Any CPU.Build.0 = Debug|Any CPU
		{8451E22E-175D-43CA-874F-31FEB10195AD}.Debug|x64.ActiveCfg = Debug|Any CPU
		{8451E22E-175D-43CA-874F-31FEB10195AD}.Debug|x64.Build.0 = Debug|Any CPU
		{8451E22E-175D-43CA-874F-31FEB10195AD}.Debug|x86.ActiveCfg = Debug|Any CPU
		{8451E22E-175D-43CA-874F-31FEB10195AD}.Debug|x86.Build.0 = Debug|Any CPU
		{8451E22E-175D-43CA-874F-31FEB10195AD}.Release|Any CPU.ActiveCfg = Release|Any CPU
		{8451E22E-175D-43CA-874F-31FEB10195AD}.Release|Any CPU.Build.0 = Release|Any CPU
		{8451E22E-175D-43CA-874F-31FEB10195AD}.Release|x64.ActiveCfg = Release|Any CPU
		{8451E22E-175D-43CA-874F-31FEB10195AD}.Release|x64.Build.0 = Release|Any CPU
		{8451E22E-175D-43CA-874F-31FEB10195AD}.Release|x86.ActiveCfg = Release|Any CPU
		{8451E22E-175D-43CA-874F-31FEB10195AD}.Release|x86.Build.0 = Release|Any CPU
		{E07155BE-6727-4A0A-90CB-1AEE878F055B}.Debug|Any CPU.ActiveCfg = Debug|Any CPU
		{E07155BE-6727-4A0A-90CB-1AEE878F055B}.Debug|Any CPU.Build.0 = Debug|Any CPU
		{E07155BE-6727-4A0A-90CB-1AEE878F055B}.Debug|x64.ActiveCfg = Debug|Any CPU
		{E07155BE-6727-4A0A-90CB-1AEE878F055B}.Debug|x64.Build.0 = Debug|Any CPU
		{E07155BE-6727-4A0A-90CB-1AEE878F055B}.Debug|x86.ActiveCfg = Debug|Any CPU
		{E07155BE-6727-4A0A-90CB-1AEE878F055B}.Debug|x86.Build.0 = Debug|Any CPU
		{E07155BE-6727-4A0A-90CB-1AEE878F055B}.Release|Any CPU.ActiveCfg = Release|Any CPU
		{E07155BE-6727-4A0A-90CB-1AEE878F055B}.Release|Any CPU.Build.0 = Release|Any CPU
		{E07155BE-6727-4A0A-90CB-1AEE878F055B}.Release|x64.ActiveCfg = Release|Any CPU
		{E07155BE-6727-4A0A-90CB-1AEE878F055B}.Release|x64.Build.0 = Release|Any CPU
		{E07155BE-6727-4A0A-90CB-1AEE878F055B}.Release|x86.ActiveCfg = Release|Any CPU
		{E07155BE-6727-4A0A-90CB-1AEE878F055B}.Release|x86.Build.0 = Release|Any CPU
		{45CA106D-52D2-425D-9BAA-178DDA7BF325}.Debug|Any CPU.ActiveCfg = Debug|Any CPU
		{45CA106D-52D2-425D-9BAA-178DDA7BF325}.Debug|Any CPU.Build.0 = Debug|Any CPU
		{45CA106D-52D2-425D-9BAA-178DDA7BF325}.Debug|x64.ActiveCfg = Debug|Any CPU
		{45CA106D-52D2-425D-9BAA-178DDA7BF325}.Debug|x64.Build.0 = Debug|Any CPU
		{45CA106D-52D2-425D-9BAA-178DDA7BF325}.Debug|x86.ActiveCfg = Debug|Any CPU
		{45CA106D-52D2-425D-9BAA-178DDA7BF325}.Debug|x86.Build.0 = Debug|Any CPU
		{45CA106D-52D2-425D-9BAA-178DDA7BF325}.Release|Any CPU.ActiveCfg = Release|Any CPU
		{45CA106D-52D2-425D-9BAA-178DDA7BF325}.Release|Any CPU.Build.0 = Release|Any CPU
		{45CA106D-52D2-425D-9BAA-178DDA7BF325}.Release|x64.ActiveCfg = Release|Any CPU
		{45CA106D-52D2-425D-9BAA-178DDA7BF325}.Release|x64.Build.0 = Release|Any CPU
		{45CA106D-52D2-425D-9BAA-178DDA7BF325}.Release|x86.ActiveCfg = Release|Any CPU
		{45CA106D-52D2-425D-9BAA-178DDA7BF325}.Release|x86.Build.0 = Release|Any CPU
		{59A683AF-EF11-4C73-AC31-1B959CA6916E}.Debug|Any CPU.ActiveCfg = Debug|Any CPU
		{59A683AF-EF11-4C73-AC31-1B959CA6916E}.Debug|Any CPU.Build.0 = Debug|Any CPU
		{59A683AF-EF11-4C73-AC31-1B959CA6916E}.Debug|x64.ActiveCfg = Debug|Any CPU
		{59A683AF-EF11-4C73-AC31-1B959CA6916E}.Debug|x64.Build.0 = Debug|Any CPU
		{59A683AF-EF11-4C73-AC31-1B959CA6916E}.Debug|x86.ActiveCfg = Debug|Any CPU
		{59A683AF-EF11-4C73-AC31-1B959CA6916E}.Debug|x86.Build.0 = Debug|Any CPU
		{59A683AF-EF11-4C73-AC31-1B959CA6916E}.Release|Any CPU.ActiveCfg = Release|Any CPU
		{59A683AF-EF11-4C73-AC31-1B959CA6916E}.Release|Any CPU.Build.0 = Release|Any CPU
		{59A683AF-EF11-4C73-AC31-1B959CA6916E}.Release|x64.ActiveCfg = Release|Any CPU
		{59A683AF-EF11-4C73-AC31-1B959CA6916E}.Release|x64.Build.0 = Release|Any CPU
		{59A683AF-EF11-4C73-AC31-1B959CA6916E}.Release|x86.ActiveCfg = Release|Any CPU
		{59A683AF-EF11-4C73-AC31-1B959CA6916E}.Release|x86.Build.0 = Release|Any CPU
		{7B36990F-89EF-4E4C-8F5E-9BA7EA8FC170}.Debug|Any CPU.ActiveCfg = Debug|Any CPU
		{7B36990F-89EF-4E4C-8F5E-9BA7EA8FC170}.Debug|Any CPU.Build.0 = Debug|Any CPU
		{7B36990F-89EF-4E4C-8F5E-9BA7EA8FC170}.Debug|x64.ActiveCfg = Debug|Any CPU
		{7B36990F-89EF-4E4C-8F5E-9BA7EA8FC170}.Debug|x64.Build.0 = Debug|Any CPU
		{7B36990F-89EF-4E4C-8F5E-9BA7EA8FC170}.Debug|x86.ActiveCfg = Debug|Any CPU
		{7B36990F-89EF-4E4C-8F5E-9BA7EA8FC170}.Debug|x86.Build.0 = Debug|Any CPU
		{7B36990F-89EF-4E4C-8F5E-9BA7EA8FC170}.Release|Any CPU.ActiveCfg = Release|Any CPU
		{7B36990F-89EF-4E4C-8F5E-9BA7EA8FC170}.Release|Any CPU.Build.0 = Release|Any CPU
		{7B36990F-89EF-4E4C-8F5E-9BA7EA8FC170}.Release|x64.ActiveCfg = Release|Any CPU
		{7B36990F-89EF-4E4C-8F5E-9BA7EA8FC170}.Release|x64.Build.0 = Release|Any CPU
		{7B36990F-89EF-4E4C-8F5E-9BA7EA8FC170}.Release|x86.ActiveCfg = Release|Any CPU
		{7B36990F-89EF-4E4C-8F5E-9BA7EA8FC170}.Release|x86.Build.0 = Release|Any CPU
		{FFAA3BF7-4E66-44FF-833E-BF570AF3FFDB}.Debug|Any CPU.ActiveCfg = Debug|Any CPU
		{FFAA3BF7-4E66-44FF-833E-BF570AF3FFDB}.Debug|Any CPU.Build.0 = Debug|Any CPU
		{FFAA3BF7-4E66-44FF-833E-BF570AF3FFDB}.Debug|x64.ActiveCfg = Debug|Any CPU
		{FFAA3BF7-4E66-44FF-833E-BF570AF3FFDB}.Debug|x64.Build.0 = Debug|Any CPU
		{FFAA3BF7-4E66-44FF-833E-BF570AF3FFDB}.Debug|x86.ActiveCfg = Debug|Any CPU
		{FFAA3BF7-4E66-44FF-833E-BF570AF3FFDB}.Debug|x86.Build.0 = Debug|Any CPU
		{FFAA3BF7-4E66-44FF-833E-BF570AF3FFDB}.Release|Any CPU.ActiveCfg = Release|Any CPU
		{FFAA3BF7-4E66-44FF-833E-BF570AF3FFDB}.Release|Any CPU.Build.0 = Release|Any CPU
		{FFAA3BF7-4E66-44FF-833E-BF570AF3FFDB}.Release|x64.ActiveCfg = Release|Any CPU
		{FFAA3BF7-4E66-44FF-833E-BF570AF3FFDB}.Release|x64.Build.0 = Release|Any CPU
		{FFAA3BF7-4E66-44FF-833E-BF570AF3FFDB}.Release|x86.ActiveCfg = Release|Any CPU
		{FFAA3BF7-4E66-44FF-833E-BF570AF3FFDB}.Release|x86.Build.0 = Release|Any CPU
		{3B2F7121-4806-4CE0-BE7E-0A38533F4B7E}.Debug|Any CPU.ActiveCfg = Debug|Any CPU
		{3B2F7121-4806-4CE0-BE7E-0A38533F4B7E}.Debug|Any CPU.Build.0 = Debug|Any CPU
		{3B2F7121-4806-4CE0-BE7E-0A38533F4B7E}.Debug|x64.ActiveCfg = Debug|Any CPU
		{3B2F7121-4806-4CE0-BE7E-0A38533F4B7E}.Debug|x64.Build.0 = Debug|Any CPU
		{3B2F7121-4806-4CE0-BE7E-0A38533F4B7E}.Debug|x86.ActiveCfg = Debug|Any CPU
		{3B2F7121-4806-4CE0-BE7E-0A38533F4B7E}.Debug|x86.Build.0 = Debug|Any CPU
		{3B2F7121-4806-4CE0-BE7E-0A38533F4B7E}.Release|Any CPU.ActiveCfg = Release|Any CPU
		{3B2F7121-4806-4CE0-BE7E-0A38533F4B7E}.Release|Any CPU.Build.0 = Release|Any CPU
		{3B2F7121-4806-4CE0-BE7E-0A38533F4B7E}.Release|x64.ActiveCfg = Release|Any CPU
		{3B2F7121-4806-4CE0-BE7E-0A38533F4B7E}.Release|x64.Build.0 = Release|Any CPU
		{3B2F7121-4806-4CE0-BE7E-0A38533F4B7E}.Release|x86.ActiveCfg = Release|Any CPU
		{3B2F7121-4806-4CE0-BE7E-0A38533F4B7E}.Release|x86.Build.0 = Release|Any CPU
		{738A0C31-BC0A-42D1-B48C-A2244BAD3FE0}.Debug|Any CPU.ActiveCfg = Debug|Any CPU
		{738A0C31-BC0A-42D1-B48C-A2244BAD3FE0}.Debug|Any CPU.Build.0 = Debug|Any CPU
		{738A0C31-BC0A-42D1-B48C-A2244BAD3FE0}.Debug|x64.ActiveCfg = Debug|Any CPU
		{738A0C31-BC0A-42D1-B48C-A2244BAD3FE0}.Debug|x64.Build.0 = Debug|Any CPU
		{738A0C31-BC0A-42D1-B48C-A2244BAD3FE0}.Debug|x86.ActiveCfg = Debug|Any CPU
		{738A0C31-BC0A-42D1-B48C-A2244BAD3FE0}.Debug|x86.Build.0 = Debug|Any CPU
		{738A0C31-BC0A-42D1-B48C-A2244BAD3FE0}.Release|Any CPU.ActiveCfg = Release|Any CPU
		{738A0C31-BC0A-42D1-B48C-A2244BAD3FE0}.Release|Any CPU.Build.0 = Release|Any CPU
		{738A0C31-BC0A-42D1-B48C-A2244BAD3FE0}.Release|x64.ActiveCfg = Release|Any CPU
		{738A0C31-BC0A-42D1-B48C-A2244BAD3FE0}.Release|x64.Build.0 = Release|Any CPU
		{738A0C31-BC0A-42D1-B48C-A2244BAD3FE0}.Release|x86.ActiveCfg = Release|Any CPU
		{738A0C31-BC0A-42D1-B48C-A2244BAD3FE0}.Release|x86.Build.0 = Release|Any CPU
		{9E5F7FF6-993F-4FB8-82DF-6EE7160E3B65}.Debug|Any CPU.ActiveCfg = Debug|Any CPU
		{9E5F7FF6-993F-4FB8-82DF-6EE7160E3B65}.Debug|Any CPU.Build.0 = Debug|Any CPU
		{9E5F7FF6-993F-4FB8-82DF-6EE7160E3B65}.Debug|x64.ActiveCfg = Debug|Any CPU
		{9E5F7FF6-993F-4FB8-82DF-6EE7160E3B65}.Debug|x64.Build.0 = Debug|Any CPU
		{9E5F7FF6-993F-4FB8-82DF-6EE7160E3B65}.Debug|x86.ActiveCfg = Debug|Any CPU
		{9E5F7FF6-993F-4FB8-82DF-6EE7160E3B65}.Debug|x86.Build.0 = Debug|Any CPU
		{9E5F7FF6-993F-4FB8-82DF-6EE7160E3B65}.Release|Any CPU.ActiveCfg = Release|Any CPU
		{9E5F7FF6-993F-4FB8-82DF-6EE7160E3B65}.Release|Any CPU.Build.0 = Release|Any CPU
		{9E5F7FF6-993F-4FB8-82DF-6EE7160E3B65}.Release|x64.ActiveCfg = Release|Any CPU
		{9E5F7FF6-993F-4FB8-82DF-6EE7160E3B65}.Release|x64.Build.0 = Release|Any CPU
		{9E5F7FF6-993F-4FB8-82DF-6EE7160E3B65}.Release|x86.ActiveCfg = Release|Any CPU
		{9E5F7FF6-993F-4FB8-82DF-6EE7160E3B65}.Release|x86.Build.0 = Release|Any CPU
		{83AE8A16-66F8-4BE0-90DD-FF3D98A75111}.Debug|Any CPU.ActiveCfg = Debug|Any CPU
		{83AE8A16-66F8-4BE0-90DD-FF3D98A75111}.Debug|Any CPU.Build.0 = Debug|Any CPU
		{83AE8A16-66F8-4BE0-90DD-FF3D98A75111}.Debug|x64.ActiveCfg = Debug|Any CPU
		{83AE8A16-66F8-4BE0-90DD-FF3D98A75111}.Debug|x64.Build.0 = Debug|Any CPU
		{83AE8A16-66F8-4BE0-90DD-FF3D98A75111}.Debug|x86.ActiveCfg = Debug|Any CPU
		{83AE8A16-66F8-4BE0-90DD-FF3D98A75111}.Debug|x86.Build.0 = Debug|Any CPU
		{83AE8A16-66F8-4BE0-90DD-FF3D98A75111}.Release|Any CPU.ActiveCfg = Release|Any CPU
		{83AE8A16-66F8-4BE0-90DD-FF3D98A75111}.Release|Any CPU.Build.0 = Release|Any CPU
		{83AE8A16-66F8-4BE0-90DD-FF3D98A75111}.Release|x64.ActiveCfg = Release|Any CPU
		{83AE8A16-66F8-4BE0-90DD-FF3D98A75111}.Release|x64.Build.0 = Release|Any CPU
		{83AE8A16-66F8-4BE0-90DD-FF3D98A75111}.Release|x86.ActiveCfg = Release|Any CPU
		{83AE8A16-66F8-4BE0-90DD-FF3D98A75111}.Release|x86.Build.0 = Release|Any CPU
		{0FF51CE5-9AB0-40D3-8E94-FF91B6CC8F74}.Debug|Any CPU.ActiveCfg = Debug|Any CPU
		{0FF51CE5-9AB0-40D3-8E94-FF91B6CC8F74}.Debug|Any CPU.Build.0 = Debug|Any CPU
		{0FF51CE5-9AB0-40D3-8E94-FF91B6CC8F74}.Debug|x64.ActiveCfg = Debug|Any CPU
		{0FF51CE5-9AB0-40D3-8E94-FF91B6CC8F74}.Debug|x64.Build.0 = Debug|Any CPU
		{0FF51CE5-9AB0-40D3-8E94-FF91B6CC8F74}.Debug|x86.ActiveCfg = Debug|Any CPU
		{0FF51CE5-9AB0-40D3-8E94-FF91B6CC8F74}.Debug|x86.Build.0 = Debug|Any CPU
		{0FF51CE5-9AB0-40D3-8E94-FF91B6CC8F74}.Release|Any CPU.ActiveCfg = Release|Any CPU
		{0FF51CE5-9AB0-40D3-8E94-FF91B6CC8F74}.Release|Any CPU.Build.0 = Release|Any CPU
		{0FF51CE5-9AB0-40D3-8E94-FF91B6CC8F74}.Release|x64.ActiveCfg = Release|Any CPU
		{0FF51CE5-9AB0-40D3-8E94-FF91B6CC8F74}.Release|x64.Build.0 = Release|Any CPU
		{0FF51CE5-9AB0-40D3-8E94-FF91B6CC8F74}.Release|x86.ActiveCfg = Release|Any CPU
		{0FF51CE5-9AB0-40D3-8E94-FF91B6CC8F74}.Release|x86.Build.0 = Release|Any CPU
		{6E1818C0-3D9F-4DC3-8559-3D879C01B762}.Debug|Any CPU.ActiveCfg = Debug|Any CPU
		{6E1818C0-3D9F-4DC3-8559-3D879C01B762}.Debug|Any CPU.Build.0 = Debug|Any CPU
		{6E1818C0-3D9F-4DC3-8559-3D879C01B762}.Debug|x64.ActiveCfg = Debug|Any CPU
		{6E1818C0-3D9F-4DC3-8559-3D879C01B762}.Debug|x64.Build.0 = Debug|Any CPU
		{6E1818C0-3D9F-4DC3-8559-3D879C01B762}.Debug|x86.ActiveCfg = Debug|Any CPU
		{6E1818C0-3D9F-4DC3-8559-3D879C01B762}.Debug|x86.Build.0 = Debug|Any CPU
		{6E1818C0-3D9F-4DC3-8559-3D879C01B762}.Release|Any CPU.ActiveCfg = Release|Any CPU
		{6E1818C0-3D9F-4DC3-8559-3D879C01B762}.Release|Any CPU.Build.0 = Release|Any CPU
		{6E1818C0-3D9F-4DC3-8559-3D879C01B762}.Release|x64.ActiveCfg = Release|Any CPU
		{6E1818C0-3D9F-4DC3-8559-3D879C01B762}.Release|x64.Build.0 = Release|Any CPU
		{6E1818C0-3D9F-4DC3-8559-3D879C01B762}.Release|x86.ActiveCfg = Release|Any CPU
		{6E1818C0-3D9F-4DC3-8559-3D879C01B762}.Release|x86.Build.0 = Release|Any CPU
		{C4FEA3CE-4727-46F0-9E4F-1AB2FF4A5F28}.Debug|Any CPU.ActiveCfg = Debug|Any CPU
		{C4FEA3CE-4727-46F0-9E4F-1AB2FF4A5F28}.Debug|Any CPU.Build.0 = Debug|Any CPU
		{C4FEA3CE-4727-46F0-9E4F-1AB2FF4A5F28}.Debug|x64.ActiveCfg = Debug|Any CPU
		{C4FEA3CE-4727-46F0-9E4F-1AB2FF4A5F28}.Debug|x64.Build.0 = Debug|Any CPU
		{C4FEA3CE-4727-46F0-9E4F-1AB2FF4A5F28}.Debug|x86.ActiveCfg = Debug|Any CPU
		{C4FEA3CE-4727-46F0-9E4F-1AB2FF4A5F28}.Debug|x86.Build.0 = Debug|Any CPU
		{C4FEA3CE-4727-46F0-9E4F-1AB2FF4A5F28}.Release|Any CPU.ActiveCfg = Release|Any CPU
		{C4FEA3CE-4727-46F0-9E4F-1AB2FF4A5F28}.Release|Any CPU.Build.0 = Release|Any CPU
		{C4FEA3CE-4727-46F0-9E4F-1AB2FF4A5F28}.Release|x64.ActiveCfg = Release|Any CPU
		{C4FEA3CE-4727-46F0-9E4F-1AB2FF4A5F28}.Release|x64.Build.0 = Release|Any CPU
		{C4FEA3CE-4727-46F0-9E4F-1AB2FF4A5F28}.Release|x86.ActiveCfg = Release|Any CPU
		{C4FEA3CE-4727-46F0-9E4F-1AB2FF4A5F28}.Release|x86.Build.0 = Release|Any CPU
		{6C421520-2B84-4BA1-992C-022E91AF4C5D}.Debug|Any CPU.ActiveCfg = Debug|Any CPU
		{6C421520-2B84-4BA1-992C-022E91AF4C5D}.Debug|Any CPU.Build.0 = Debug|Any CPU
		{6C421520-2B84-4BA1-992C-022E91AF4C5D}.Debug|x64.ActiveCfg = Debug|Any CPU
		{6C421520-2B84-4BA1-992C-022E91AF4C5D}.Debug|x64.Build.0 = Debug|Any CPU
		{6C421520-2B84-4BA1-992C-022E91AF4C5D}.Debug|x86.ActiveCfg = Debug|Any CPU
		{6C421520-2B84-4BA1-992C-022E91AF4C5D}.Debug|x86.Build.0 = Debug|Any CPU
		{6C421520-2B84-4BA1-992C-022E91AF4C5D}.Release|Any CPU.ActiveCfg = Release|Any CPU
		{6C421520-2B84-4BA1-992C-022E91AF4C5D}.Release|Any CPU.Build.0 = Release|Any CPU
		{6C421520-2B84-4BA1-992C-022E91AF4C5D}.Release|x64.ActiveCfg = Release|Any CPU
		{6C421520-2B84-4BA1-992C-022E91AF4C5D}.Release|x64.Build.0 = Release|Any CPU
		{6C421520-2B84-4BA1-992C-022E91AF4C5D}.Release|x86.ActiveCfg = Release|Any CPU
		{6C421520-2B84-4BA1-992C-022E91AF4C5D}.Release|x86.Build.0 = Release|Any CPU
		{967716CF-AD0A-4597-99FC-E7E58974368C}.Debug|Any CPU.ActiveCfg = Debug|Any CPU
		{967716CF-AD0A-4597-99FC-E7E58974368C}.Debug|Any CPU.Build.0 = Debug|Any CPU
		{967716CF-AD0A-4597-99FC-E7E58974368C}.Debug|x64.ActiveCfg = Debug|Any CPU
		{967716CF-AD0A-4597-99FC-E7E58974368C}.Debug|x64.Build.0 = Debug|Any CPU
		{967716CF-AD0A-4597-99FC-E7E58974368C}.Debug|x86.ActiveCfg = Debug|Any CPU
		{967716CF-AD0A-4597-99FC-E7E58974368C}.Debug|x86.Build.0 = Debug|Any CPU
		{967716CF-AD0A-4597-99FC-E7E58974368C}.Release|Any CPU.ActiveCfg = Release|Any CPU
		{967716CF-AD0A-4597-99FC-E7E58974368C}.Release|Any CPU.Build.0 = Release|Any CPU
		{967716CF-AD0A-4597-99FC-E7E58974368C}.Release|x64.ActiveCfg = Release|Any CPU
		{967716CF-AD0A-4597-99FC-E7E58974368C}.Release|x64.Build.0 = Release|Any CPU
		{967716CF-AD0A-4597-99FC-E7E58974368C}.Release|x86.ActiveCfg = Release|Any CPU
		{967716CF-AD0A-4597-99FC-E7E58974368C}.Release|x86.Build.0 = Release|Any CPU
		{5D30C992-3CB4-42F7-8991-B9F399F23B2C}.Debug|Any CPU.ActiveCfg = Debug|Any CPU
		{5D30C992-3CB4-42F7-8991-B9F399F23B2C}.Debug|Any CPU.Build.0 = Debug|Any CPU
		{5D30C992-3CB4-42F7-8991-B9F399F23B2C}.Debug|x64.ActiveCfg = Debug|Any CPU
		{5D30C992-3CB4-42F7-8991-B9F399F23B2C}.Debug|x64.Build.0 = Debug|Any CPU
		{5D30C992-3CB4-42F7-8991-B9F399F23B2C}.Debug|x86.ActiveCfg = Debug|Any CPU
		{5D30C992-3CB4-42F7-8991-B9F399F23B2C}.Debug|x86.Build.0 = Debug|Any CPU
		{5D30C992-3CB4-42F7-8991-B9F399F23B2C}.Release|Any CPU.ActiveCfg = Release|Any CPU
		{5D30C992-3CB4-42F7-8991-B9F399F23B2C}.Release|Any CPU.Build.0 = Release|Any CPU
		{5D30C992-3CB4-42F7-8991-B9F399F23B2C}.Release|x64.ActiveCfg = Release|Any CPU
		{5D30C992-3CB4-42F7-8991-B9F399F23B2C}.Release|x64.Build.0 = Release|Any CPU
		{5D30C992-3CB4-42F7-8991-B9F399F23B2C}.Release|x86.ActiveCfg = Release|Any CPU
		{5D30C992-3CB4-42F7-8991-B9F399F23B2C}.Release|x86.Build.0 = Release|Any CPU
		{0F0429D1-B007-450F-9580-48DB894F7B80}.Debug|Any CPU.ActiveCfg = Debug|Any CPU
		{0F0429D1-B007-450F-9580-48DB894F7B80}.Debug|Any CPU.Build.0 = Debug|Any CPU
		{0F0429D1-B007-450F-9580-48DB894F7B80}.Debug|x64.ActiveCfg = Debug|Any CPU
		{0F0429D1-B007-450F-9580-48DB894F7B80}.Debug|x64.Build.0 = Debug|Any CPU
		{0F0429D1-B007-450F-9580-48DB894F7B80}.Debug|x86.ActiveCfg = Debug|Any CPU
		{0F0429D1-B007-450F-9580-48DB894F7B80}.Debug|x86.Build.0 = Debug|Any CPU
		{0F0429D1-B007-450F-9580-48DB894F7B80}.Release|Any CPU.ActiveCfg = Release|Any CPU
		{0F0429D1-B007-450F-9580-48DB894F7B80}.Release|Any CPU.Build.0 = Release|Any CPU
		{0F0429D1-B007-450F-9580-48DB894F7B80}.Release|x64.ActiveCfg = Release|Any CPU
		{0F0429D1-B007-450F-9580-48DB894F7B80}.Release|x64.Build.0 = Release|Any CPU
		{0F0429D1-B007-450F-9580-48DB894F7B80}.Release|x86.ActiveCfg = Release|Any CPU
		{0F0429D1-B007-450F-9580-48DB894F7B80}.Release|x86.Build.0 = Release|Any CPU
		{4272EA76-1BC4-4C92-ACFC-770F172FBDF8}.Debug|Any CPU.ActiveCfg = Debug|Any CPU
		{4272EA76-1BC4-4C92-ACFC-770F172FBDF8}.Debug|Any CPU.Build.0 = Debug|Any CPU
		{4272EA76-1BC4-4C92-ACFC-770F172FBDF8}.Debug|x64.ActiveCfg = Debug|Any CPU
		{4272EA76-1BC4-4C92-ACFC-770F172FBDF8}.Debug|x64.Build.0 = Debug|Any CPU
		{4272EA76-1BC4-4C92-ACFC-770F172FBDF8}.Debug|x86.ActiveCfg = Debug|Any CPU
		{4272EA76-1BC4-4C92-ACFC-770F172FBDF8}.Debug|x86.Build.0 = Debug|Any CPU
		{4272EA76-1BC4-4C92-ACFC-770F172FBDF8}.Release|Any CPU.ActiveCfg = Release|Any CPU
		{4272EA76-1BC4-4C92-ACFC-770F172FBDF8}.Release|Any CPU.Build.0 = Release|Any CPU
		{4272EA76-1BC4-4C92-ACFC-770F172FBDF8}.Release|x64.ActiveCfg = Release|Any CPU
		{4272EA76-1BC4-4C92-ACFC-770F172FBDF8}.Release|x64.Build.0 = Release|Any CPU
		{4272EA76-1BC4-4C92-ACFC-770F172FBDF8}.Release|x86.ActiveCfg = Release|Any CPU
		{4272EA76-1BC4-4C92-ACFC-770F172FBDF8}.Release|x86.Build.0 = Release|Any CPU
		{9F601445-F184-439F-852F-E74DD060C618}.Debug|Any CPU.ActiveCfg = Debug|Any CPU
		{9F601445-F184-439F-852F-E74DD060C618}.Debug|Any CPU.Build.0 = Debug|Any CPU
		{9F601445-F184-439F-852F-E74DD060C618}.Debug|x64.ActiveCfg = Debug|Any CPU
		{9F601445-F184-439F-852F-E74DD060C618}.Debug|x64.Build.0 = Debug|Any CPU
		{9F601445-F184-439F-852F-E74DD060C618}.Debug|x86.ActiveCfg = Debug|Any CPU
		{9F601445-F184-439F-852F-E74DD060C618}.Debug|x86.Build.0 = Debug|Any CPU
		{9F601445-F184-439F-852F-E74DD060C618}.Release|Any CPU.ActiveCfg = Release|Any CPU
		{9F601445-F184-439F-852F-E74DD060C618}.Release|Any CPU.Build.0 = Release|Any CPU
		{9F601445-F184-439F-852F-E74DD060C618}.Release|x64.ActiveCfg = Release|Any CPU
		{9F601445-F184-439F-852F-E74DD060C618}.Release|x64.Build.0 = Release|Any CPU
		{9F601445-F184-439F-852F-E74DD060C618}.Release|x86.ActiveCfg = Release|Any CPU
		{9F601445-F184-439F-852F-E74DD060C618}.Release|x86.Build.0 = Release|Any CPU
		{3D076E07-148B-48C3-8733-2C15B00231E8}.Debug|Any CPU.ActiveCfg = Debug|Any CPU
		{3D076E07-148B-48C3-8733-2C15B00231E8}.Debug|Any CPU.Build.0 = Debug|Any CPU
		{3D076E07-148B-48C3-8733-2C15B00231E8}.Debug|x64.ActiveCfg = Debug|Any CPU
		{3D076E07-148B-48C3-8733-2C15B00231E8}.Debug|x64.Build.0 = Debug|Any CPU
		{3D076E07-148B-48C3-8733-2C15B00231E8}.Debug|x86.ActiveCfg = Debug|Any CPU
		{3D076E07-148B-48C3-8733-2C15B00231E8}.Debug|x86.Build.0 = Debug|Any CPU
		{3D076E07-148B-48C3-8733-2C15B00231E8}.Release|Any CPU.ActiveCfg = Release|Any CPU
		{3D076E07-148B-48C3-8733-2C15B00231E8}.Release|Any CPU.Build.0 = Release|Any CPU
		{3D076E07-148B-48C3-8733-2C15B00231E8}.Release|x64.ActiveCfg = Release|Any CPU
		{3D076E07-148B-48C3-8733-2C15B00231E8}.Release|x64.Build.0 = Release|Any CPU
		{3D076E07-148B-48C3-8733-2C15B00231E8}.Release|x86.ActiveCfg = Release|Any CPU
		{3D076E07-148B-48C3-8733-2C15B00231E8}.Release|x86.Build.0 = Release|Any CPU
		{8D3A0D20-6587-4BBE-8717-0580AB963E7B}.Debug|Any CPU.ActiveCfg = Debug|Any CPU
		{8D3A0D20-6587-4BBE-8717-0580AB963E7B}.Debug|Any CPU.Build.0 = Debug|Any CPU
		{8D3A0D20-6587-4BBE-8717-0580AB963E7B}.Debug|x64.ActiveCfg = Debug|Any CPU
		{8D3A0D20-6587-4BBE-8717-0580AB963E7B}.Debug|x64.Build.0 = Debug|Any CPU
		{8D3A0D20-6587-4BBE-8717-0580AB963E7B}.Debug|x86.ActiveCfg = Debug|Any CPU
		{8D3A0D20-6587-4BBE-8717-0580AB963E7B}.Debug|x86.Build.0 = Debug|Any CPU
		{8D3A0D20-6587-4BBE-8717-0580AB963E7B}.Release|Any CPU.ActiveCfg = Release|Any CPU
		{8D3A0D20-6587-4BBE-8717-0580AB963E7B}.Release|Any CPU.Build.0 = Release|Any CPU
		{8D3A0D20-6587-4BBE-8717-0580AB963E7B}.Release|x64.ActiveCfg = Release|Any CPU
		{8D3A0D20-6587-4BBE-8717-0580AB963E7B}.Release|x64.Build.0 = Release|Any CPU
		{8D3A0D20-6587-4BBE-8717-0580AB963E7B}.Release|x86.ActiveCfg = Release|Any CPU
		{8D3A0D20-6587-4BBE-8717-0580AB963E7B}.Release|x86.Build.0 = Release|Any CPU
		{EFF0B304-E3E6-4596-B6D2-95EF3BC9BC39}.Debug|Any CPU.ActiveCfg = Debug|Any CPU
		{EFF0B304-E3E6-4596-B6D2-95EF3BC9BC39}.Debug|Any CPU.Build.0 = Debug|Any CPU
		{EFF0B304-E3E6-4596-B6D2-95EF3BC9BC39}.Debug|x64.ActiveCfg = Debug|Any CPU
		{EFF0B304-E3E6-4596-B6D2-95EF3BC9BC39}.Debug|x64.Build.0 = Debug|Any CPU
		{EFF0B304-E3E6-4596-B6D2-95EF3BC9BC39}.Debug|x86.ActiveCfg = Debug|Any CPU
		{EFF0B304-E3E6-4596-B6D2-95EF3BC9BC39}.Debug|x86.Build.0 = Debug|Any CPU
		{EFF0B304-E3E6-4596-B6D2-95EF3BC9BC39}.Release|Any CPU.ActiveCfg = Release|Any CPU
		{EFF0B304-E3E6-4596-B6D2-95EF3BC9BC39}.Release|Any CPU.Build.0 = Release|Any CPU
		{EFF0B304-E3E6-4596-B6D2-95EF3BC9BC39}.Release|x64.ActiveCfg = Release|Any CPU
		{EFF0B304-E3E6-4596-B6D2-95EF3BC9BC39}.Release|x64.Build.0 = Release|Any CPU
		{EFF0B304-E3E6-4596-B6D2-95EF3BC9BC39}.Release|x86.ActiveCfg = Release|Any CPU
		{EFF0B304-E3E6-4596-B6D2-95EF3BC9BC39}.Release|x86.Build.0 = Release|Any CPU
	EndGlobalSection
	GlobalSection(SolutionProperties) = preSolution
		HideSolutionNode = FALSE
	EndGlobalSection
	GlobalSection(NestedProjects) = preSolution
		{DB50C772-7A3A-4C7A-A59F-31B8529B4E5E} = {827E0CD3-B72D-47B6-A68D-7590B98EB39B}
		{4C85192F-AD0E-F66F-E89D-4E4C4FD568B8} = {827E0CD3-B72D-47B6-A68D-7590B98EB39B}
		{28A7F568-2142-4F09-A422-F802884C223D} = {4C85192F-AD0E-F66F-E89D-4E4C4FD568B8}
		{D0E590C7-463E-44DB-89D6-381A19DAAB45} = {4C85192F-AD0E-F66F-E89D-4E4C4FD568B8}
		{83A5B6BB-3003-44DC-825F-9B810A238EB2} = {4C85192F-AD0E-F66F-E89D-4E4C4FD568B8}
		{1D6C2E35-5B35-4FE4-A2E1-FB34D1A06890} = {4C85192F-AD0E-F66F-E89D-4E4C4FD568B8}
		{6C89F62E-B4AF-4E60-9B49-2CC44695DDA6} = {C4AD9936-F0DF-1090-6077-3D4A6324E662}
		{D9773D6F-EC27-D53E-CAEC-C96840EDAE4D} = {827E0CD3-B72D-47B6-A68D-7590B98EB39B}
		{1189179A-97F7-48CF-AC80-B8C982CEFA6F} = {D9773D6F-EC27-D53E-CAEC-C96840EDAE4D}
		{92F0205D-7BCD-4388-93C1-CF57A91CDB41} = {D9773D6F-EC27-D53E-CAEC-C96840EDAE4D}
		{D1989CE6-66C3-464E-98BE-753773A18741} = {D9773D6F-EC27-D53E-CAEC-C96840EDAE4D}
		{943BF8F9-F0B8-4BC0-9E80-95802C8564D9} = {D9773D6F-EC27-D53E-CAEC-C96840EDAE4D}
		{B86D138C-05C5-617D-8034-EEF8CBE01E1E} = {827E0CD3-B72D-47B6-A68D-7590B98EB39B}
		{0D846B10-689E-4066-892D-D0A064E109DB} = {B86D138C-05C5-617D-8034-EEF8CBE01E1E}
		{19E142A3-C89E-40FB-B656-EEB21DB45260} = {B86D138C-05C5-617D-8034-EEF8CBE01E1E}
		{60AC3514-8C0E-4E99-9F21-0BF5E2E1056B} = {B86D138C-05C5-617D-8034-EEF8CBE01E1E}
		{58C113D3-EB95-4E6F-8F70-56CC44D7CEE9} = {B86D138C-05C5-617D-8034-EEF8CBE01E1E}
		{114D0802-A22D-938E-B3C8-C8BD8954F184} = {827E0CD3-B72D-47B6-A68D-7590B98EB39B}
		{76EF06A1-0AA3-4CD8-B170-591D2A9DC9AC} = {114D0802-A22D-938E-B3C8-C8BD8954F184}
		{8451E22E-175D-43CA-874F-31FEB10195AD} = {114D0802-A22D-938E-B3C8-C8BD8954F184}
		{E07155BE-6727-4A0A-90CB-1AEE878F055B} = {114D0802-A22D-938E-B3C8-C8BD8954F184}
		{45CA106D-52D2-425D-9BAA-178DDA7BF325} = {114D0802-A22D-938E-B3C8-C8BD8954F184}
		{B4B22B2B-6FB6-0E1D-9F80-5CF8B127FA53} = {827E0CD3-B72D-47B6-A68D-7590B98EB39B}
		{59A683AF-EF11-4C73-AC31-1B959CA6916E} = {B4B22B2B-6FB6-0E1D-9F80-5CF8B127FA53}
		{7B36990F-89EF-4E4C-8F5E-9BA7EA8FC170} = {B4B22B2B-6FB6-0E1D-9F80-5CF8B127FA53}
		{FFAA3BF7-4E66-44FF-833E-BF570AF3FFDB} = {B4B22B2B-6FB6-0E1D-9F80-5CF8B127FA53}
		{3B2F7121-4806-4CE0-BE7E-0A38533F4B7E} = {B4B22B2B-6FB6-0E1D-9F80-5CF8B127FA53}
		{DE49997F-37B8-F742-A25E-8A29CB416CF3} = {827E0CD3-B72D-47B6-A68D-7590B98EB39B}
		{738A0C31-BC0A-42D1-B48C-A2244BAD3FE0} = {DE49997F-37B8-F742-A25E-8A29CB416CF3}
		{9E5F7FF6-993F-4FB8-82DF-6EE7160E3B65} = {DE49997F-37B8-F742-A25E-8A29CB416CF3}
		{83AE8A16-66F8-4BE0-90DD-FF3D98A75111} = {DE49997F-37B8-F742-A25E-8A29CB416CF3}
		{0FF51CE5-9AB0-40D3-8E94-FF91B6CC8F74} = {DE49997F-37B8-F742-A25E-8A29CB416CF3}
		{A109F68C-6C49-3819-AD0C-803D0C288AAF} = {827E0CD3-B72D-47B6-A68D-7590B98EB39B}
		{6E1818C0-3D9F-4DC3-8559-3D879C01B762} = {A109F68C-6C49-3819-AD0C-803D0C288AAF}
		{C4FEA3CE-4727-46F0-9E4F-1AB2FF4A5F28} = {A109F68C-6C49-3819-AD0C-803D0C288AAF}
		{6C421520-2B84-4BA1-992C-022E91AF4C5D} = {A109F68C-6C49-3819-AD0C-803D0C288AAF}
		{967716CF-AD0A-4597-99FC-E7E58974368C} = {A109F68C-6C49-3819-AD0C-803D0C288AAF}
		{DCB6FCB8-FF92-AC57-0842-1F72A354D6B1} = {827E0CD3-B72D-47B6-A68D-7590B98EB39B}
		{5D30C992-3CB4-42F7-8991-B9F399F23B2C} = {DCB6FCB8-FF92-AC57-0842-1F72A354D6B1}
		{0F0429D1-B007-450F-9580-48DB894F7B80} = {DCB6FCB8-FF92-AC57-0842-1F72A354D6B1}
		{159CC862-FBB1-287C-45DD-7B2705E344A8} = {827E0CD3-B72D-47B6-A68D-7590B98EB39B}
		{4272EA76-1BC4-4C92-ACFC-770F172FBDF8} = {159CC862-FBB1-287C-45DD-7B2705E344A8}
		{9F601445-F184-439F-852F-E74DD060C618} = {159CC862-FBB1-287C-45DD-7B2705E344A8}
		{3D076E07-148B-48C3-8733-2C15B00231E8} = {159CC862-FBB1-287C-45DD-7B2705E344A8}
		{8D3A0D20-6587-4BBE-8717-0580AB963E7B} = {159CC862-FBB1-287C-45DD-7B2705E344A8}
		{EFF0B304-E3E6-4596-B6D2-95EF3BC9BC39} = {827E0CD3-B72D-47B6-A68D-7590B98EB39B}
	EndGlobalSection
EndGlobal
